// !$*UTF8*$!
{
	archiveVersion = 1;
	classes = {
	};
	objectVersion = 46;
	objects = {

/* Begin PBXBuildFile section */
		83E664A81A57C0510001A25E /* main.m in Sources */ = {isa = PBXBuildFile; fileRef = 83E664A71A57C0510001A25E /* main.m */; };
		83E664B71A57CB1F0001A25E /* testAPI.json in CopyFiles */ = {isa = PBXBuildFile; fileRef = 83E664AE1A57C0780001A25E /* testAPI.json */; };
		83E664BA1A57CD230001A25E /* JsonToSQLEngine.m in Sources */ = {isa = PBXBuildFile; fileRef = 83E664B91A57CD230001A25E /* JsonToSQLEngine.m */; };
/* End PBXBuildFile section */

/* Begin PBXCopyFilesBuildPhase section */
		83E664A21A57C0510001A25E /* CopyFiles */ = {
			isa = PBXCopyFilesBuildPhase;
			buildActionMask = 12;
			dstPath = "";
			dstSubfolderSpec = 16;
			files = (
				83E664B71A57CB1F0001A25E /* testAPI.json in CopyFiles */,
			);
			runOnlyForDeploymentPostprocessing = 0;
		};
/* End PBXCopyFilesBuildPhase section */

/* Begin PBXFileReference section */
		83E664A41A57C0510001A25E /* jsonToSQL */ = {isa = PBXFileReference; explicitFileType = "compiled.mach-o.executable"; includeInIndex = 0; path = jsonToSQL; sourceTree = BUILT_PRODUCTS_DIR; };
		83E664A71A57C0510001A25E /* main.m */ = {isa = PBXFileReference; lastKnownFileType = sourcecode.c.objc; path = main.m; sourceTree = "<group>"; };
		83E664AE1A57C0780001A25E /* testAPI.json */ = {isa = PBXFileReference; fileEncoding = 4; lastKnownFileType = text.json; path = testAPI.json; sourceTree = "<group>"; };
		83E664B81A57CD230001A25E /* JsonToSQLEngine.h */ = {isa = PBXFileReference; fileEncoding = 4; lastKnownFileType = sourcecode.c.h; path = JsonToSQLEngine.h; sourceTree = "<group>"; };
		83E664B91A57CD230001A25E /* JsonToSQLEngine.m */ = {isa = PBXFileReference; fileEncoding = 4; lastKnownFileType = sourcecode.c.objc; path = JsonToSQLEngine.m; sourceTree = "<group>"; };
/* End PBXFileReference section */

/* Begin PBXFrameworksBuildPhase section */
		83E664A11A57C0510001A25E /* Frameworks */ = {
			isa = PBXFrameworksBuildPhase;
			buildActionMask = 2147483647;
			files = (
			);
			runOnlyForDeploymentPostprocessing = 0;
		};
/* End PBXFrameworksBuildPhase section */

/* Begin PBXGroup section */
		83E6649B1A57C0510001A25E = {
			isa = PBXGroup;
			children = (
				83E664A61A57C0510001A25E /* jsonToSQL */,
				83E664A51A57C0510001A25E /* Products */,
			);
			sourceTree = "<group>";
		};
		83E664A51A57C0510001A25E /* Products */ = {
			isa = PBXGroup;
			children = (
				83E664A41A57C0510001A25E /* jsonToSQL */,
			);
			name = Products;
			sourceTree = "<group>";
		};
		83E664A61A57C0510001A25E /* jsonToSQL */ = {
			isa = PBXGroup;
			children = (
				83E664AE1A57C0780001A25E /* testAPI.json */,
				83E664A71A57C0510001A25E /* main.m */,
				83E664B81A57CD230001A25E /* JsonToSQLEngine.h */,
				83E664B91A57CD230001A25E /* JsonToSQLEngine.m */,
			);
			path = jsonToSQL;
			sourceTree = "<group>";
		};
/* End PBXGroup section */

/* Begin PBXNativeTarget section */
		83E664A31A57C0510001A25E /* jsonToSQL */ = {
			isa = PBXNativeTarget;
			buildConfigurationList = 83E664AB1A57C0510001A25E /* Build configuration list for PBXNativeTarget "jsonToSQL" */;
			buildPhases = (
				83E664A01A57C0510001A25E /* Sources */,
				83E664A11A57C0510001A25E /* Frameworks */,
				83E664A21A57C0510001A25E /* CopyFiles */,
			);
			buildRules = (
			);
			dependencies = (
			);
			name = jsonToSQL;
			productName = jsonToSQL;
			productReference = 83E664A41A57C0510001A25E /* jsonToSQL */;
			productType = "com.apple.product-type.tool";
		};
/* End PBXNativeTarget section */

/* Begin PBXProject section */
		83E6649C1A57C0510001A25E /* Project object */ = {
			isa = PBXProject;
			attributes = {
				LastUpgradeCheck = 0610;
				ORGANIZATIONNAME = com.devsfolder.jsonToSQL;
				TargetAttributes = {
					83E664A31A57C0510001A25E = {
						CreatedOnToolsVersion = 6.1.1;
					};
				};
			};
			buildConfigurationList = 83E6649F1A57C0510001A25E /* Build configuration list for PBXProject "jsonToSQL" */;
			compatibilityVersion = "Xcode 3.2";
			developmentRegion = English;
			hasScannedForEncodings = 0;
			knownRegions = (
				en,
			);
			mainGroup = 83E6649B1A57C0510001A25E;
			productRefGroup = 83E664A51A57C0510001A25E /* Products */;
			projectDirPath = "";
			projectRoot = "";
			targets = (
				83E664A31A57C0510001A25E /* jsonToSQL */,
			);
		};
/* End PBXProject section */

/* Begin PBXSourcesBuildPhase section */
		83E664A01A57C0510001A25E /* Sources */ = {
			isa = PBXSourcesBuildPhase;
			buildActionMask = 2147483647;
			files = (
				83E664A81A57C0510001A25E /* main.m in Sources */,
				83E664BA1A57CD230001A25E /* JsonToSQLEngine.m in Sources */,
			);
			runOnlyForDeploymentPostprocessing = 0;
		};
/* End PBXSourcesBuildPhase section */

/* Begin XCBuildConfiguration section */
		83E664A91A57C0510001A25E /* Debug */ = {
			isa = XCBuildConfiguration;
			buildSettings = {
				ALWAYS_SEARCH_USER_PATHS = NO;
				CLANG_CXX_LANGUAGE_STANDARD = "gnu++0x";
				CLANG_CXX_LIBRARY = "libc++";
				CLANG_ENABLE_MODULES = YES;
				CLANG_ENABLE_OBJC_ARC = YES;
				CLANG_WARN_BOOL_CONVERSION = YES;
				CLANG_WARN_CONSTANT_CONVERSION = YES;
				CLANG_WARN_DIRECT_OBJC_ISA_USAGE = YES_ERROR;
				CLANG_WARN_EMPTY_BODY = YES;
				CLANG_WARN_ENUM_CONVERSION = YES;
				CLANG_WARN_INT_CONVERSION = YES;
				CLANG_WARN_OBJC_ROOT_CLASS = YES_ERROR;
				CLANG_WARN_UNREACHABLE_CODE = YES;
				CLANG_WARN__DUPLICATE_METHOD_MATCH = YES;
				COPY_PHASE_STRIP = NO;
				ENABLE_STRICT_OBJC_MSGSEND = YES;
				GCC_C_LANGUAGE_STANDARD = gnu99;
				GCC_DYNAMIC_NO_PIC = NO;
				GCC_OPTIMIZATION_LEVEL = 0;
				GCC_PREPROCESSOR_DEFINITIONS = (
					"DEBUG=1",
					"$(inherited)",
				);
				GCC_SYMBOLS_PRIVATE_EXTERN = NO;
				GCC_WARN_64_TO_32_BIT_CONVERSION = YES;
				GCC_WARN_ABOUT_RETURN_TYPE = YES_ERROR;
				GCC_WARN_UNDECLARED_SELECTOR = YES;
				GCC_WARN_UNINITIALIZED_AUTOS = YES_AGGRESSIVE;
				GCC_WARN_UNUSED_FUNCTION = YES;
				GCC_WARN_UNUSED_VARIABLE = YES;
				MACOSX_DEPLOYMENT_TARGET = 10.10;
				MTL_ENABLE_DEBUG_INFO = YES;
				ONLY_ACTIVE_ARCH = YES;
				SDKROOT = macosx;
			};
			name = Debug;
		};
		83E664AA1A57C0510001A25E /* Release */ = {
			isa = XCBuildConfiguration;
			buildSettings = {
				ALWAYS_SEARCH_USER_PATHS = NO;
				CLANG_CXX_LANGUAGE_STANDARD = "gnu++0x";
				CLANG_CXX_LIBRARY = "libc++";
				CLANG_ENABLE_MODULES = YES;
				CLANG_ENABLE_OBJC_ARC = YES;
				CLANG_WARN_BOOL_CONVERSION = YES;
				CLANG_WARN_CONSTANT_CONVERSION = YES;
				CLANG_WARN_DIRECT_OBJC_ISA_USAGE = YES_ERROR;
				CLANG_WARN_EMPTY_BODY = YES;
				CLANG_WARN_ENUM_CONVERSION = YES;
				CLANG_WARN_INT_CONVERSION = YES;
				CLANG_WARN_OBJC_ROOT_CLASS = YES_ERROR;
				CLANG_WARN_UNREACHABLE_CODE = YES;
				CLANG_WARN__DUPLICATE_METHOD_MATCH = YES;
				COPY_PHASE_STRIP = YES;
				DEBUG_INFORMATION_FORMAT = "dwarf-with-dsym";
				ENABLE_NS_ASSERTIONS = NO;
				ENABLE_STRICT_OBJC_MSGSEND = YES;
				GCC_C_LANGUAGE_STANDARD = gnu99;
				GCC_WARN_64_TO_32_BIT_CONVERSION = YES;
				GCC_WARN_ABOUT_RETURN_TYPE = YES_ERROR;
				GCC_WARN_UNDECLARED_SELECTOR = YES;
				GCC_WARN_UNINITIALIZED_AUTOS = YES_AGGRESSIVE;
				GCC_WARN_UNUSED_FUNCTION = YES;
				GCC_WARN_UNUSED_VARIABLE = YES;
				MACOSX_DEPLOYMENT_TARGET = 10.10;
				MTL_ENABLE_DEBUG_INFO = NO;
				SDKROOT = macosx;
			};
			name = Release;
		};
		83E664AC1A57C0510001A25E /* Debug */ = {
			isa = XCBuildConfiguration;
			buildSettings = {
				PRODUCT_NAME = "$(TARGET_NAME)";
			};
			name = Debug;
		};
		83E664AD1A57C0510001A25E /* Release */ = {
			isa = XCBuildConfiguration;
			buildSettings = {
				PRODUCT_NAME = "$(TARGET_NAME)";
			};
			name = Release;
		};
/* End XCBuildConfiguration section */

/* Begin XCConfigurationList section */
		83E6649F1A57C0510001A25E /* Build configuration list for PBXProject "jsonToSQL" */ = {
			isa = XCConfigurationList;
			buildConfigurations = (
				83E664A91A57C0510001A25E /* Debug */,
				83E664AA1A57C0510001A25E /* Release */,
			);
			defaultConfigurationIsVisible = 0;
			defaultConfigurationName = Release;
		};
		83E664AB1A57C0510001A25E /* Build configuration list for PBXNativeTarget "jsonToSQL" */ = {
			isa = XCConfigurationList;
			buildConfigurations = (
				83E664AC1A57C0510001A25E /* Debug */,
				83E664AD1A57C0510001A25E /* Release */,
			);
			defaultConfigurationIsVisible = 0;
			defaultConfigurationName = Release;
		};
/* End XCConfigurationList section */
	};
	rootObject = 83E6649C1A57C0510001A25E /* Project object */;
}
